dependencies:
- name: kafka-broker
  repository: file://kafka-broker
  version: 0.1.0
- name: kafka-topics
  repository: file://kafka-topics
  version: 0.1.0
- name: inventory-db
  repository: file://inventory-db
  version: 0.1.0
- name: catalog-db
  repository: file://catalog-db
  version: 0.1.0
- name: inventory-service
  repository: file://inventory-service
  version: 0.1.0
- name: catalog-service
  repository: file://catalog-service
  version: 0.1.0
- name: globex-ui
  repository: file://globex-ui
  version: 0.1.0
- name: kafdrop
  repository: file://kafdrop
  version: 0.1.0
- name: activity-tracking
  repository: file://activity-tracking
  version: 0.1.0
- name: recommendation-engine
  repository: file://recommendation-engine
  version: 0.1.0
- name: activity-tracking-simulator
  repository: file://activity-tracking-simulator
  version: 0.1.0
- name: order-placement
  repository: file://order-placement
  version: 0.1.0
digest: sha256:33b54915b4cac279713829f12344003cb26f6cd8875cae849d6089038474fbe8
generated: "2023-01-23T10:31:47.626998438+01:00"
