dependencies:
- name: kafka-broker
  repository: file://kafka-broker
  version: 0.1.0
- name: kafka-topics
  repository: file://kafka-topics
  version: 0.1.0
- name: inventory-db
  repository: file://kafka-topics
  version: 0.1.0
- name: catalog-db
  repository: file://kafka-topics
  version: 0.1.0
digest: sha256:270199d8cde39ceae855dbcdf4de16598232f6b42d9721a2ed5c87d7f9c47925
generated: "2023-01-20T15:59:22.543032589+01:00"
