dependencies:
- name: kafka-broker
  repository: file://kafka-broker
  version: 0.1.0
- name: kafka-topics
  repository: file://kafka-topics
  version: 0.1.0
- name: inventory-db
  repository: file://inventory-db
  version: 0.1.0
- name: catalog-db
  repository: file://catalog-db
  version: 0.1.0
- name: inventory-service
  repository: file://inventory-service
  version: 0.1.0
- name: catalog-service
  repository: file://catalog-service
  version: 0.1.0
- name: globex-ui
  repository: file://globex-ui
  version: 0.1.0
- name: kafdrop
  repository: file://kafdrop
  version: 0.1.0
- name: activity-tracking
  repository: file://activity-tracking
  version: 0.1.0
- name: recommendation-engine
  repository: file://recommendation-engine
  version: 0.1.0
- name: activity-tracking-simulator
  repository: file://activity-tracking-simulator
  version: 0.1.0
digest: sha256:6276894ae0df1615e5eaeaba40b497483476d72604a33c30a4b1eee8f88ee8b3
generated: "2023-01-20T16:56:10.972462391+01:00"
